
Microsoft Visual Studio Solution File, Format Version 12.00
# Visual Studio 15
VisualStudioVersion = 15.0.27004.2010
MinimumVisualStudioVersion = 10.0.40219.1
Project("{2150E333-8FDC-42A3-9474-1A3956D46DE8}") = "Presentation", "Presentation", "{D42F1AC8-6A4D-43BC-9383-931256B66421}"
EndProject
Project("{2150E333-8FDC-42A3-9474-1A3956D46DE8}") = "Libraries", "Libraries", "{48554C01-D5B1-4322-9D7C-6B75A6067ACA}"
EndProject
Project("{9A19103F-16F7-4668-BE54-9A1E7A4F7556}") = "ZFCTAPI.WebApi", "Presentation\ZFCTAPI.WebApi\ZFCTAPI.WebApi.csproj", "{9A5161DB-603F-425F-8DEB-AE80DE25CBBB}"
EndProject
Project("{9A19103F-16F7-4668-BE54-9A1E7A4F7556}") = "ZFCTAPI.Core", "Libraries\ZFCTAPI.Core\ZFCTAPI.Core.csproj", "{DD24F8AF-C248-4640-AABB-F52055F18337}"
EndProject
Project("{9A19103F-16F7-4668-BE54-9A1E7A4F7556}") = "ZFCTAPI.Data", "Libraries\ZFCTAPI.Data\ZFCTAPI.Data.csproj", "{00722884-D298-4523-8C1D-A63DECDCEDC5}"
EndProject
Project("{9A19103F-16F7-4668-BE54-9A1E7A4F7556}") = "ZFCTAPI.Services", "Libraries\ZFCTAPI.Services\ZFCTAPI.Services.csproj", "{0D6346BC-343B-482F-95EB-8C7E8F503704}"
EndProject
Global
	GlobalSection(SubversionScc) = preSolution
		Svn-Managed = True
		Manager = AnkhSVN - Subversion Support for Visual Studio
	EndGlobalSection
	GlobalSection(SolutionConfigurationPlatforms) = preSolution
		Debug|Any CPU = Debug|Any CPU
		Release|Any CPU = Release|Any CPU
	EndGlobalSection
	GlobalSection(ProjectConfigurationPlatforms) = postSolution
		{9A5161DB-603F-425F-8DEB-AE80DE25CBBB}.Debug|Any CPU.ActiveCfg = Debug|Any CPU
		{9A5161DB-603F-425F-8DEB-AE80DE25CBBB}.Debug|Any CPU.Build.0 = Debug|Any CPU
		{9A5161DB-603F-425F-8DEB-AE80DE25CBBB}.Release|Any CPU.ActiveCfg = Release|Any CPU
		{9A5161DB-603F-425F-8DEB-AE80DE25CBBB}.Release|Any CPU.Build.0 = Release|Any CPU
		{DD24F8AF-C248-4640-AABB-F52055F18337}.Debug|Any CPU.ActiveCfg = Debug|Any CPU
		{DD24F8AF-C248-4640-AABB-F52055F18337}.Debug|Any CPU.Build.0 = Debug|Any CPU
		{DD24F8AF-C248-4640-AABB-F52055F18337}.Release|Any CPU.ActiveCfg = Release|Any CPU
		{DD24F8AF-C248-4640-AABB-F52055F18337}.Release|Any CPU.Build.0 = Release|Any CPU
		{00722884-D298-4523-8C1D-A63DECDCEDC5}.Debug|Any CPU.ActiveCfg = Debug|Any CPU
		{00722884-D298-4523-8C1D-A63DECDCEDC5}.Debug|Any CPU.Build.0 = Debug|Any CPU
		{00722884-D298-4523-8C1D-A63DECDCEDC5}.Release|Any CPU.ActiveCfg = Release|Any CPU
		{00722884-D298-4523-8C1D-A63DECDCEDC5}.Release|Any CPU.Build.0 = Release|Any CPU
		{0D6346BC-343B-482F-95EB-8C7E8F503704}.Debug|Any CPU.ActiveCfg = Debug|Any CPU
		{0D6346BC-343B-482F-95EB-8C7E8F503704}.Debug|Any CPU.Build.0 = Debug|Any CPU
		{0D6346BC-343B-482F-95EB-8C7E8F503704}.Release|Any CPU.ActiveCfg = Release|Any CPU
		{0D6346BC-343B-482F-95EB-8C7E8F503704}.Release|Any CPU.Build.0 = Release|Any CPU
	EndGlobalSection
	GlobalSection(SolutionProperties) = preSolution
		HideSolutionNode = FALSE
	EndGlobalSection
	GlobalSection(NestedProjects) = preSolution
		{9A5161DB-603F-425F-8DEB-AE80DE25CBBB} = {D42F1AC8-6A4D-43BC-9383-931256B66421}
		{DD24F8AF-C248-4640-AABB-F52055F18337} = {48554C01-D5B1-4322-9D7C-6B75A6067ACA}
		{00722884-D298-4523-8C1D-A63DECDCEDC5} = {48554C01-D5B1-4322-9D7C-6B75A6067ACA}
		{0D6346BC-343B-482F-95EB-8C7E8F503704} = {48554C01-D5B1-4322-9D7C-6B75A6067ACA}
	EndGlobalSection
	GlobalSection(ExtensibilityGlobals) = postSolution
		SolutionGuid = {E67604BE-81AC-4920-BC86-5670672FCD19}
	EndGlobalSection
EndGlobal
